
Microsoft Visual Studio Solution File, Format Version 12.00
# Visual Studio Version 16
VisualStudioVersion = 16.6.30114.105
MinimumVisualStudioVersion = 10.0.40219.1
Project("{2150E333-8FDC-42A3-9474-1A3956D46DE8}") = "src", "src", "{D48013A0-6DBE-11EC-9023-4B02399A3716}"
EndProject
Project("{2150E333-8FDC-42A3-9474-1A3956D46DE8}") = "Services", "Services", "{E5CF61B0-6DBE-11EC-9023-4B02399A3716}"
EndProject
Project("{2150E333-8FDC-42A3-9474-1A3956D46DE8}") = "Web", "Web", "{EEE71C20-6DBE-11EC-9023-4B02399A3716}"
EndProject
Project("{2150E333-8FDC-42A3-9474-1A3956D46DE8}") = "Identidade", "Identidade", "{F6068900-6DBE-11EC-9023-4B02399A3716}"
EndProject
Project("{FAE04EC0-301F-11D3-BF4B-00C04F79EFBC}") = "NSE.Identidade.API", "src\Services\Identidade\NSE.Identidade.API.csproj", "{ED93256A-7403-4B01-9147-04397D5BB571}"
EndProject
Project("{2150E333-8FDC-42A3-9474-1A3956D46DE8}") = "MVC", "MVC", "{52CED2F0-6DBF-11EC-9023-4B02399A3716}"
EndProject
Project("{FAE04EC0-301F-11D3-BF4B-00C04F79EFBC}") = "NSE.WebApp.MVC", "src\Web\MVC\NSE.WebApp.MVC.csproj", "{77F4102E-E29A-4DC3-AA10-4942656D3833}"
EndProject
Project("{2150E333-8FDC-42A3-9474-1A3956D46DE8}") = "Building Blocks", "Building Blocks", "{D1BC7700-6BA5-452B-9930-06848180AEAD}"
EndProject
Project("{FAE04EC0-301F-11D3-BF4B-00C04F79EFBC}") = "NSE.Core", "src\Building Blocks\Core\NSE.Core.csproj", "{2744FAFE-08FA-4C5E-8FEC-D2DCC56D3C34}"
EndProject
Project("{2150E333-8FDC-42A3-9474-1A3956D46DE8}") = "Carrinho", "Carrinho", "{C0EDA170-6DC0-11EC-A31E-43F62142D4B7}"
EndProject
Project("{FAE04EC0-301F-11D3-BF4B-00C04F79EFBC}") = "NSE.Carrinho.API", "src\Services\Carrinho\NSE.Carrinho.API.csproj", "{DC4B55C2-837C-4FB1-A063-93817D0AFBE5}"
EndProject
Project("{FAE04EC0-301F-11D3-BF4B-00C04F79EFBC}") = "NSE.Catalogo.API", "src\Services\Catalogo\NSE.Catalogo.API.csproj", "{C7591BF4-6250-458F-8425-7DC01B5343CC}"
EndProject
Project("{2150E333-8FDC-42A3-9474-1A3956D46DE8}") = "Catalogo", "Catalogo", "{00C44060-6DC1-11EC-A31E-43F62142D4B7}"
EndProject
Project("{FAE04EC0-301F-11D3-BF4B-00C04F79EFBC}") = "NSE.Pagamento.API", "src\Services\Pagamento\NSE.Pagamento.API.csproj", "{BA955640-697A-476E-BF5E-156CD8652B83}"
EndProject
Project("{FAE04EC0-301F-11D3-BF4B-00C04F79EFBC}") = "NSE.Pedido.API", "src\Services\Pedido\NSE.Pedido.API.csproj", "{0A6B20A8-3A55-47EF-A20C-959419B45EE5}"
EndProject
Project("{2150E333-8FDC-42A3-9474-1A3956D46DE8}") = "Pagamento", "Pagamento", "{AA605B40-6DC1-11EC-A31E-43F62142D4B7}"
EndProject
Project("{2150E333-8FDC-42A3-9474-1A3956D46DE8}") = "Pedido", "Pedido", "{B430DE60-6DC1-11EC-A31E-43F62142D4B7}"
EndProject
Project("{FAE04EC0-301F-11D3-BF4B-00C04F79EFBC}") = "NSE.Cliente.API", "src\Services\Cliente\NSE.Cliente.API.csproj", "{175DB787-0759-41A7-B903-4F5DF5CA1D85}"
EndProject
Project("{2150E333-8FDC-42A3-9474-1A3956D46DE8}") = "Cliente", "Cliente", "{5C60D430-6DC4-11EC-A31E-43F62142D4B7}"
EndProject
Global
	GlobalSection(SolutionConfigurationPlatforms) = preSolution
		Debug|Any CPU = Debug|Any CPU
		Debug|x64 = Debug|x64
		Debug|x86 = Debug|x86
		Release|Any CPU = Release|Any CPU
		Release|x64 = Release|x64
		Release|x86 = Release|x86
	EndGlobalSection
	GlobalSection(SolutionProperties) = preSolution
		HideSolutionNode = FALSE
	EndGlobalSection
	GlobalSection(NestedProjects) = preSolution
		{5C60D430-6DC4-11EC-A31E-43F62142D4B7} = {E5CF61B0-6DBE-11EC-9023-4B02399A3716}
		{0A6B20A8-3A55-47EF-A20C-959419B45EE5} = {B430DE60-6DC1-11EC-A31E-43F62142D4B7}
		{B430DE60-6DC1-11EC-A31E-43F62142D4B7} = {E5CF61B0-6DBE-11EC-9023-4B02399A3716}
		{BA955640-697A-476E-BF5E-156CD8652B83} = {AA605B40-6DC1-11EC-A31E-43F62142D4B7}
		{AA605B40-6DC1-11EC-A31E-43F62142D4B7} = {E5CF61B0-6DBE-11EC-9023-4B02399A3716}
		{C7591BF4-6250-458F-8425-7DC01B5343CC} = {00C44060-6DC1-11EC-A31E-43F62142D4B7}
		{00C44060-6DC1-11EC-A31E-43F62142D4B7} = {E5CF61B0-6DBE-11EC-9023-4B02399A3716}
		{C0EDA170-6DC0-11EC-A31E-43F62142D4B7} = {E5CF61B0-6DBE-11EC-9023-4B02399A3716}
		{D1BC7700-6BA5-452B-9930-06848180AEAD} = {D48013A0-6DBE-11EC-9023-4B02399A3716}
		{52CED2F0-6DBF-11EC-9023-4B02399A3716} = {EEE71C20-6DBE-11EC-9023-4B02399A3716}
		{ED93256A-7403-4B01-9147-04397D5BB571} = {F6068900-6DBE-11EC-9023-4B02399A3716}
		{F6068900-6DBE-11EC-9023-4B02399A3716} = {E5CF61B0-6DBE-11EC-9023-4B02399A3716}
		{EEE71C20-6DBE-11EC-9023-4B02399A3716} = {D48013A0-6DBE-11EC-9023-4B02399A3716}
		{E5CF61B0-6DBE-11EC-9023-4B02399A3716} = {D48013A0-6DBE-11EC-9023-4B02399A3716}
		{77F4102E-E29A-4DC3-AA10-4942656D3833} = {52CED2F0-6DBF-11EC-9023-4B02399A3716}
		{2744FAFE-08FA-4C5E-8FEC-D2DCC56D3C34} = {D1BC7700-6BA5-452B-9930-06848180AEAD}
		{DC4B55C2-837C-4FB1-A063-93817D0AFBE5} = {C0EDA170-6DC0-11EC-A31E-43F62142D4B7}
		{175DB787-0759-41A7-B903-4F5DF5CA1D85} = {5C60D430-6DC4-11EC-A31E-43F62142D4B7}
	EndGlobalSection
	GlobalSection(ProjectConfigurationPlatforms) = postSolution
		{ED93256A-7403-4B01-9147-04397D5BB571}.Debug|Any CPU.ActiveCfg = Debug|Any CPU
		{ED93256A-7403-4B01-9147-04397D5BB571}.Debug|Any CPU.Build.0 = Debug|Any CPU
		{ED93256A-7403-4B01-9147-04397D5BB571}.Debug|x64.ActiveCfg = Debug|Any CPU
		{ED93256A-7403-4B01-9147-04397D5BB571}.Debug|x64.Build.0 = Debug|Any CPU
		{ED93256A-7403-4B01-9147-04397D5BB571}.Debug|x86.ActiveCfg = Debug|Any CPU
		{ED93256A-7403-4B01-9147-04397D5BB571}.Debug|x86.Build.0 = Debug|Any CPU
		{ED93256A-7403-4B01-9147-04397D5BB571}.Release|Any CPU.ActiveCfg = Release|Any CPU
		{ED93256A-7403-4B01-9147-04397D5BB571}.Release|Any CPU.Build.0 = Release|Any CPU
		{ED93256A-7403-4B01-9147-04397D5BB571}.Release|x64.ActiveCfg = Release|Any CPU
		{ED93256A-7403-4B01-9147-04397D5BB571}.Release|x64.Build.0 = Release|Any CPU
		{ED93256A-7403-4B01-9147-04397D5BB571}.Release|x86.ActiveCfg = Release|Any CPU
		{ED93256A-7403-4B01-9147-04397D5BB571}.Release|x86.Build.0 = Release|Any CPU
		{77F4102E-E29A-4DC3-AA10-4942656D3833}.Debug|Any CPU.ActiveCfg = Debug|Any CPU
		{77F4102E-E29A-4DC3-AA10-4942656D3833}.Debug|Any CPU.Build.0 = Debug|Any CPU
		{77F4102E-E29A-4DC3-AA10-4942656D3833}.Debug|x64.ActiveCfg = Debug|Any CPU
		{77F4102E-E29A-4DC3-AA10-4942656D3833}.Debug|x64.Build.0 = Debug|Any CPU
		{77F4102E-E29A-4DC3-AA10-4942656D3833}.Debug|x86.ActiveCfg = Debug|Any CPU
		{77F4102E-E29A-4DC3-AA10-4942656D3833}.Debug|x86.Build.0 = Debug|Any CPU
		{77F4102E-E29A-4DC3-AA10-4942656D3833}.Release|Any CPU.ActiveCfg = Release|Any CPU
		{77F4102E-E29A-4DC3-AA10-4942656D3833}.Release|Any CPU.Build.0 = Release|Any CPU
		{77F4102E-E29A-4DC3-AA10-4942656D3833}.Release|x64.ActiveCfg = Release|Any CPU
		{77F4102E-E29A-4DC3-AA10-4942656D3833}.Release|x64.Build.0 = Release|Any CPU
		{77F4102E-E29A-4DC3-AA10-4942656D3833}.Release|x86.ActiveCfg = Release|Any CPU
		{77F4102E-E29A-4DC3-AA10-4942656D3833}.Release|x86.Build.0 = Release|Any CPU
		{2744FAFE-08FA-4C5E-8FEC-D2DCC56D3C34}.Debug|Any CPU.ActiveCfg = Debug|Any CPU
		{2744FAFE-08FA-4C5E-8FEC-D2DCC56D3C34}.Debug|Any CPU.Build.0 = Debug|Any CPU
		{2744FAFE-08FA-4C5E-8FEC-D2DCC56D3C34}.Debug|x64.ActiveCfg = Debug|Any CPU
		{2744FAFE-08FA-4C5E-8FEC-D2DCC56D3C34}.Debug|x64.Build.0 = Debug|Any CPU
		{2744FAFE-08FA-4C5E-8FEC-D2DCC56D3C34}.Debug|x86.ActiveCfg = Debug|Any CPU
		{2744FAFE-08FA-4C5E-8FEC-D2DCC56D3C34}.Debug|x86.Build.0 = Debug|Any CPU
		{2744FAFE-08FA-4C5E-8FEC-D2DCC56D3C34}.Release|Any CPU.ActiveCfg = Release|Any CPU
		{2744FAFE-08FA-4C5E-8FEC-D2DCC56D3C34}.Release|Any CPU.Build.0 = Release|Any CPU
		{2744FAFE-08FA-4C5E-8FEC-D2DCC56D3C34}.Release|x64.ActiveCfg = Release|Any CPU
		{2744FAFE-08FA-4C5E-8FEC-D2DCC56D3C34}.Release|x64.Build.0 = Release|Any CPU
		{2744FAFE-08FA-4C5E-8FEC-D2DCC56D3C34}.Release|x86.ActiveCfg = Release|Any CPU
		{2744FAFE-08FA-4C5E-8FEC-D2DCC56D3C34}.Release|x86.Build.0 = Release|Any CPU
		{DC4B55C2-837C-4FB1-A063-93817D0AFBE5}.Debug|Any CPU.ActiveCfg = Debug|Any CPU
		{DC4B55C2-837C-4FB1-A063-93817D0AFBE5}.Debug|Any CPU.Build.0 = Debug|Any CPU
		{DC4B55C2-837C-4FB1-A063-93817D0AFBE5}.Debug|x64.ActiveCfg = Debug|Any CPU
		{DC4B55C2-837C-4FB1-A063-93817D0AFBE5}.Debug|x64.Build.0 = Debug|Any CPU
		{DC4B55C2-837C-4FB1-A063-93817D0AFBE5}.Debug|x86.ActiveCfg = Debug|Any CPU
		{DC4B55C2-837C-4FB1-A063-93817D0AFBE5}.Debug|x86.Build.0 = Debug|Any CPU
		{DC4B55C2-837C-4FB1-A063-93817D0AFBE5}.Release|Any CPU.ActiveCfg = Release|Any CPU
		{DC4B55C2-837C-4FB1-A063-93817D0AFBE5}.Release|Any CPU.Build.0 = Release|Any CPU
		{DC4B55C2-837C-4FB1-A063-93817D0AFBE5}.Release|x64.ActiveCfg = Release|Any CPU
		{DC4B55C2-837C-4FB1-A063-93817D0AFBE5}.Release|x64.Build.0 = Release|Any CPU
		{DC4B55C2-837C-4FB1-A063-93817D0AFBE5}.Release|x86.ActiveCfg = Release|Any CPU
		{DC4B55C2-837C-4FB1-A063-93817D0AFBE5}.Release|x86.Build.0 = Release|Any CPU
		{C7591BF4-6250-458F-8425-7DC01B5343CC}.Debug|Any CPU.ActiveCfg = Debug|Any CPU
		{C7591BF4-6250-458F-8425-7DC01B5343CC}.Debug|Any CPU.Build.0 = Debug|Any CPU
		{C7591BF4-6250-458F-8425-7DC01B5343CC}.Debug|x64.ActiveCfg = Debug|Any CPU
		{C7591BF4-6250-458F-8425-7DC01B5343CC}.Debug|x64.Build.0 = Debug|Any CPU
		{C7591BF4-6250-458F-8425-7DC01B5343CC}.Debug|x86.ActiveCfg = Debug|Any CPU
		{C7591BF4-6250-458F-8425-7DC01B5343CC}.Debug|x86.Build.0 = Debug|Any CPU
		{C7591BF4-6250-458F-8425-7DC01B5343CC}.Release|Any CPU.ActiveCfg = Release|Any CPU
		{C7591BF4-6250-458F-8425-7DC01B5343CC}.Release|Any CPU.Build.0 = Release|Any CPU
		{C7591BF4-6250-458F-8425-7DC01B5343CC}.Release|x64.ActiveCfg = Release|Any CPU
		{C7591BF4-6250-458F-8425-7DC01B5343CC}.Release|x64.Build.0 = Release|Any CPU
		{C7591BF4-6250-458F-8425-7DC01B5343CC}.Release|x86.ActiveCfg = Release|Any CPU
		{C7591BF4-6250-458F-8425-7DC01B5343CC}.Release|x86.Build.0 = Release|Any CPU
		{BA955640-697A-476E-BF5E-156CD8652B83}.Debug|Any CPU.ActiveCfg = Debug|Any CPU
		{BA955640-697A-476E-BF5E-156CD8652B83}.Debug|Any CPU.Build.0 = Debug|Any CPU
		{BA955640-697A-476E-BF5E-156CD8652B83}.Debug|x64.ActiveCfg = Debug|Any CPU
		{BA955640-697A-476E-BF5E-156CD8652B83}.Debug|x64.Build.0 = Debug|Any CPU
		{BA955640-697A-476E-BF5E-156CD8652B83}.Debug|x86.ActiveCfg = Debug|Any CPU
		{BA955640-697A-476E-BF5E-156CD8652B83}.Debug|x86.Build.0 = Debug|Any CPU
		{BA955640-697A-476E-BF5E-156CD8652B83}.Release|Any CPU.ActiveCfg = Release|Any CPU
		{BA955640-697A-476E-BF5E-156CD8652B83}.Release|Any CPU.Build.0 = Release|Any CPU
		{BA955640-697A-476E-BF5E-156CD8652B83}.Release|x64.ActiveCfg = Release|Any CPU
		{BA955640-697A-476E-BF5E-156CD8652B83}.Release|x64.Build.0 = Release|Any CPU
		{BA955640-697A-476E-BF5E-156CD8652B83}.Release|x86.ActiveCfg = Release|Any CPU
		{BA955640-697A-476E-BF5E-156CD8652B83}.Release|x86.Build.0 = Release|Any CPU
		{0A6B20A8-3A55-47EF-A20C-959419B45EE5}.Debug|Any CPU.ActiveCfg = Debug|Any CPU
		{0A6B20A8-3A55-47EF-A20C-959419B45EE5}.Debug|Any CPU.Build.0 = Debug|Any CPU
		{0A6B20A8-3A55-47EF-A20C-959419B45EE5}.Debug|x64.ActiveCfg = Debug|Any CPU
		{0A6B20A8-3A55-47EF-A20C-959419B45EE5}.Debug|x64.Build.0 = Debug|Any CPU
		{0A6B20A8-3A55-47EF-A20C-959419B45EE5}.Debug|x86.ActiveCfg = Debug|Any CPU
		{0A6B20A8-3A55-47EF-A20C-959419B45EE5}.Debug|x86.Build.0 = Debug|Any CPU
		{0A6B20A8-3A55-47EF-A20C-959419B45EE5}.Release|Any CPU.ActiveCfg = Release|Any CPU
		{0A6B20A8-3A55-47EF-A20C-959419B45EE5}.Release|Any CPU.Build.0 = Release|Any CPU
		{0A6B20A8-3A55-47EF-A20C-959419B45EE5}.Release|x64.ActiveCfg = Release|Any CPU
		{0A6B20A8-3A55-47EF-A20C-959419B45EE5}.Release|x64.Build.0 = Release|Any CPU
		{0A6B20A8-3A55-47EF-A20C-959419B45EE5}.Release|x86.ActiveCfg = Release|Any CPU
		{0A6B20A8-3A55-47EF-A20C-959419B45EE5}.Release|x86.Build.0 = Release|Any CPU
		{175DB787-0759-41A7-B903-4F5DF5CA1D85}.Debug|Any CPU.ActiveCfg = Debug|Any CPU
		{175DB787-0759-41A7-B903-4F5DF5CA1D85}.Debug|Any CPU.Build.0 = Debug|Any CPU
		{175DB787-0759-41A7-B903-4F5DF5CA1D85}.Debug|x64.ActiveCfg = Debug|Any CPU
		{175DB787-0759-41A7-B903-4F5DF5CA1D85}.Debug|x64.Build.0 = Debug|Any CPU
		{175DB787-0759-41A7-B903-4F5DF5CA1D85}.Debug|x86.ActiveCfg = Debug|Any CPU
		{175DB787-0759-41A7-B903-4F5DF5CA1D85}.Debug|x86.Build.0 = Debug|Any CPU
		{175DB787-0759-41A7-B903-4F5DF5CA1D85}.Release|Any CPU.ActiveCfg = Release|Any CPU
		{175DB787-0759-41A7-B903-4F5DF5CA1D85}.Release|Any CPU.Build.0 = Release|Any CPU
		{175DB787-0759-41A7-B903-4F5DF5CA1D85}.Release|x64.ActiveCfg = Release|Any CPU
		{175DB787-0759-41A7-B903-4F5DF5CA1D85}.Release|x64.Build.0 = Release|Any CPU
		{175DB787-0759-41A7-B903-4F5DF5CA1D85}.Release|x86.ActiveCfg = Release|Any CPU
		{175DB787-0759-41A7-B903-4F5DF5CA1D85}.Release|x86.Build.0 = Release|Any CPU
	EndGlobalSection
EndGlobal
