
Microsoft Visual Studio Solution File, Format Version 12.00
# Visual Studio Version 16
VisualStudioVersion = 16.0.30320.27
MinimumVisualStudioVersion = 10.0.40219.1
Project("{2150E333-8FDC-42A3-9474-1A3956D46DE8}") = "src", "src", "{C877B921-7770-45B8-90FC-FEFAF5EC8C71}"
EndProject
Project("{2150E333-8FDC-42A3-9474-1A3956D46DE8}") = "Building Blocks", "Building Blocks", "{B8B60446-EE8B-418F-A218-BEEF7CE1AF3F}"
EndProject
Project("{2150E333-8FDC-42A3-9474-1A3956D46DE8}") = "Services", "Services", "{87608FA9-69F0-4CCC-9B24-9F54461822D1}"
EndProject
Project("{2150E333-8FDC-42A3-9474-1A3956D46DE8}") = "Web", "Web", "{42E324EF-64CC-456F-92BE-1FCAF2E863FF}"
EndProject
Project("{2150E333-8FDC-42A3-9474-1A3956D46DE8}") = "Identidade", "Identidade", "{D0530B27-6F87-46DA-8DB2-36BB9D2BD763}"
EndProject
Project("{FAE04EC0-301F-11D3-BF4B-00C04F79EFBC}") = "NSE.Identidade.API", "src\services\NSE.Identidade.API\NSE.Identidade.API.csproj", "{4A350931-5688-46F1-BC8D-313E5A81997F}"
EndProject
Project("{2150E333-8FDC-42A3-9474-1A3956D46DE8}") = "MVC", "MVC", "{98A6CC62-3690-4FD0-A727-644EA4281ABA}"
EndProject
Project("{FAE04EC0-301F-11D3-BF4B-00C04F79EFBC}") = "NSE.WebApp.MVC", "src\web\NSE.WebApp.MVC\NSE.WebApp.MVC.csproj", "{8AB14B20-80D4-4164-AD4D-68D36D443323}"
EndProject
Project("{2150E333-8FDC-42A3-9474-1A3956D46DE8}") = "Core", "Core", "{B4FB5D78-7365-4765-90E8-63D1E5E05F32}"
EndProject
Project("{FAE04EC0-301F-11D3-BF4B-00C04F79EFBC}") = "NSE.Core", "src\building blocks\NSE.Core\NSE.Core.csproj", "{1BE6CF24-0F10-47BF-91AB-DD89EEDC6D8E}"
EndProject
Project("{2150E333-8FDC-42A3-9474-1A3956D46DE8}") = "Carrinho", "Carrinho", "{4AC6F2E5-28F0-47D6-BD6B-0E5E1CF28EC8}"
EndProject
Project("{FAE04EC0-301F-11D3-BF4B-00C04F79EFBC}") = "NSE.Carrinho.API", "src\services\NSE.Carrinho.API\NSE.Carrinho.API.csproj", "{BD738774-0F1B-4063-B07F-6228A071F632}"
EndProject
Project("{2150E333-8FDC-42A3-9474-1A3956D46DE8}") = "Catalogo", "Catalogo", "{9C686AE9-D679-4D8C-914E-10D4721261FE}"
EndProject
Project("{FAE04EC0-301F-11D3-BF4B-00C04F79EFBC}") = "NSE.Catalogo.API", "src\services\NSE.Catalogo.API\NSE.Catalogo.API.csproj", "{4D3351DE-D517-4155-9FEF-70DB4EC7E70D}"
EndProject
Project("{2150E333-8FDC-42A3-9474-1A3956D46DE8}") = "Cliente", "Cliente", "{DE957335-17F2-4A03-9C81-EF1CD9520AE9}"
EndProject
Project("{FAE04EC0-301F-11D3-BF4B-00C04F79EFBC}") = "NSE.Cliente.API", "NSE.Cliente.API\NSE.Cliente.API.csproj", "{3FDFB861-7D3A-4469-84AE-8610FEA19C36}"
EndProject
Project("{2150E333-8FDC-42A3-9474-1A3956D46DE8}") = "Pagamento", "Pagamento", "{52D63BF7-98EE-4B3D-93E9-9C67EE7CDC92}"
EndProject
Project("{FAE04EC0-301F-11D3-BF4B-00C04F79EFBC}") = "NSE.Pagamento.API", "NSE.Pagamento.API\NSE.Pagamento.API.csproj", "{E9D6060E-83B9-4AEA-86ED-5F8B9B9ED10B}"
EndProject
Project("{2150E333-8FDC-42A3-9474-1A3956D46DE8}") = "Pedido", "Pedido", "{34AC3652-A8A6-4F6C-8162-D6B8E8670E29}"
EndProject
Project("{FAE04EC0-301F-11D3-BF4B-00C04F79EFBC}") = "NSE.Pedido.API", "NSE.Pedido.API\NSE.Pedido.API.csproj", "{44CEC712-DC78-40D3-9DF3-B37EFAB20E24}"
EndProject
Global
	GlobalSection(SolutionConfigurationPlatforms) = preSolution
		Debug|Any CPU = Debug|Any CPU
		Release|Any CPU = Release|Any CPU
	EndGlobalSection
	GlobalSection(ProjectConfigurationPlatforms) = postSolution
		{4A350931-5688-46F1-BC8D-313E5A81997F}.Debug|Any CPU.ActiveCfg = Debug|Any CPU
		{4A350931-5688-46F1-BC8D-313E5A81997F}.Debug|Any CPU.Build.0 = Debug|Any CPU
		{4A350931-5688-46F1-BC8D-313E5A81997F}.Release|Any CPU.ActiveCfg = Release|Any CPU
		{4A350931-5688-46F1-BC8D-313E5A81997F}.Release|Any CPU.Build.0 = Release|Any CPU
		{8AB14B20-80D4-4164-AD4D-68D36D443323}.Debug|Any CPU.ActiveCfg = Debug|Any CPU
		{8AB14B20-80D4-4164-AD4D-68D36D443323}.Debug|Any CPU.Build.0 = Debug|Any CPU
		{8AB14B20-80D4-4164-AD4D-68D36D443323}.Release|Any CPU.ActiveCfg = Release|Any CPU
		{8AB14B20-80D4-4164-AD4D-68D36D443323}.Release|Any CPU.Build.0 = Release|Any CPU
		{1BE6CF24-0F10-47BF-91AB-DD89EEDC6D8E}.Debug|Any CPU.ActiveCfg = Debug|Any CPU
		{1BE6CF24-0F10-47BF-91AB-DD89EEDC6D8E}.Debug|Any CPU.Build.0 = Debug|Any CPU
		{1BE6CF24-0F10-47BF-91AB-DD89EEDC6D8E}.Release|Any CPU.ActiveCfg = Release|Any CPU
		{1BE6CF24-0F10-47BF-91AB-DD89EEDC6D8E}.Release|Any CPU.Build.0 = Release|Any CPU
		{BD738774-0F1B-4063-B07F-6228A071F632}.Debug|Any CPU.ActiveCfg = Debug|Any CPU
		{BD738774-0F1B-4063-B07F-6228A071F632}.Debug|Any CPU.Build.0 = Debug|Any CPU
		{BD738774-0F1B-4063-B07F-6228A071F632}.Release|Any CPU.ActiveCfg = Release|Any CPU
		{BD738774-0F1B-4063-B07F-6228A071F632}.Release|Any CPU.Build.0 = Release|Any CPU
		{4D3351DE-D517-4155-9FEF-70DB4EC7E70D}.Debug|Any CPU.ActiveCfg = Debug|Any CPU
		{4D3351DE-D517-4155-9FEF-70DB4EC7E70D}.Debug|Any CPU.Build.0 = Debug|Any CPU
		{4D3351DE-D517-4155-9FEF-70DB4EC7E70D}.Release|Any CPU.ActiveCfg = Release|Any CPU
		{4D3351DE-D517-4155-9FEF-70DB4EC7E70D}.Release|Any CPU.Build.0 = Release|Any CPU
		{3FDFB861-7D3A-4469-84AE-8610FEA19C36}.Debug|Any CPU.ActiveCfg = Debug|Any CPU
		{3FDFB861-7D3A-4469-84AE-8610FEA19C36}.Debug|Any CPU.Build.0 = Debug|Any CPU
		{3FDFB861-7D3A-4469-84AE-8610FEA19C36}.Release|Any CPU.ActiveCfg = Release|Any CPU
		{3FDFB861-7D3A-4469-84AE-8610FEA19C36}.Release|Any CPU.Build.0 = Release|Any CPU
		{E9D6060E-83B9-4AEA-86ED-5F8B9B9ED10B}.Debug|Any CPU.ActiveCfg = Debug|Any CPU
		{E9D6060E-83B9-4AEA-86ED-5F8B9B9ED10B}.Debug|Any CPU.Build.0 = Debug|Any CPU
		{E9D6060E-83B9-4AEA-86ED-5F8B9B9ED10B}.Release|Any CPU.ActiveCfg = Release|Any CPU
		{E9D6060E-83B9-4AEA-86ED-5F8B9B9ED10B}.Release|Any CPU.Build.0 = Release|Any CPU
		{44CEC712-DC78-40D3-9DF3-B37EFAB20E24}.Debug|Any CPU.ActiveCfg = Debug|Any CPU
		{44CEC712-DC78-40D3-9DF3-B37EFAB20E24}.Debug|Any CPU.Build.0 = Debug|Any CPU
		{44CEC712-DC78-40D3-9DF3-B37EFAB20E24}.Release|Any CPU.ActiveCfg = Release|Any CPU
		{44CEC712-DC78-40D3-9DF3-B37EFAB20E24}.Release|Any CPU.Build.0 = Release|Any CPU
	EndGlobalSection
	GlobalSection(SolutionProperties) = preSolution
		HideSolutionNode = FALSE
	EndGlobalSection
	GlobalSection(NestedProjects) = preSolution
		{B8B60446-EE8B-418F-A218-BEEF7CE1AF3F} = {C877B921-7770-45B8-90FC-FEFAF5EC8C71}
		{87608FA9-69F0-4CCC-9B24-9F54461822D1} = {C877B921-7770-45B8-90FC-FEFAF5EC8C71}
		{42E324EF-64CC-456F-92BE-1FCAF2E863FF} = {C877B921-7770-45B8-90FC-FEFAF5EC8C71}
		{D0530B27-6F87-46DA-8DB2-36BB9D2BD763} = {87608FA9-69F0-4CCC-9B24-9F54461822D1}
		{4A350931-5688-46F1-BC8D-313E5A81997F} = {D0530B27-6F87-46DA-8DB2-36BB9D2BD763}
		{98A6CC62-3690-4FD0-A727-644EA4281ABA} = {42E324EF-64CC-456F-92BE-1FCAF2E863FF}
		{8AB14B20-80D4-4164-AD4D-68D36D443323} = {98A6CC62-3690-4FD0-A727-644EA4281ABA}
		{B4FB5D78-7365-4765-90E8-63D1E5E05F32} = {B8B60446-EE8B-418F-A218-BEEF7CE1AF3F}
		{1BE6CF24-0F10-47BF-91AB-DD89EEDC6D8E} = {B4FB5D78-7365-4765-90E8-63D1E5E05F32}
		{4AC6F2E5-28F0-47D6-BD6B-0E5E1CF28EC8} = {87608FA9-69F0-4CCC-9B24-9F54461822D1}
		{BD738774-0F1B-4063-B07F-6228A071F632} = {4AC6F2E5-28F0-47D6-BD6B-0E5E1CF28EC8}
		{9C686AE9-D679-4D8C-914E-10D4721261FE} = {87608FA9-69F0-4CCC-9B24-9F54461822D1}
		{4D3351DE-D517-4155-9FEF-70DB4EC7E70D} = {9C686AE9-D679-4D8C-914E-10D4721261FE}
		{DE957335-17F2-4A03-9C81-EF1CD9520AE9} = {87608FA9-69F0-4CCC-9B24-9F54461822D1}
		{3FDFB861-7D3A-4469-84AE-8610FEA19C36} = {DE957335-17F2-4A03-9C81-EF1CD9520AE9}
		{52D63BF7-98EE-4B3D-93E9-9C67EE7CDC92} = {87608FA9-69F0-4CCC-9B24-9F54461822D1}
		{E9D6060E-83B9-4AEA-86ED-5F8B9B9ED10B} = {52D63BF7-98EE-4B3D-93E9-9C67EE7CDC92}
		{34AC3652-A8A6-4F6C-8162-D6B8E8670E29} = {87608FA9-69F0-4CCC-9B24-9F54461822D1}
		{44CEC712-DC78-40D3-9DF3-B37EFAB20E24} = {34AC3652-A8A6-4F6C-8162-D6B8E8670E29}
	EndGlobalSection
	GlobalSection(ExtensibilityGlobals) = postSolution
		SolutionGuid = {5B973BD0-42F2-4CAF-9D58-CA10AE593835}
	EndGlobalSection
EndGlobal
